{
  "requires": true,
  "lockfileVersion": 1,
  "dependencies": {
    "fonts.css": {
      "version": "2.0.0",
      "resolved": "https://registry.npmjs.org/fonts.css/-/fonts.css-2.0.0.tgz",
      "integrity": "sha512-Q1f9npa8JaN+HnIB29U+l50XFIJvawglX2Hx+vEjp6VsghQTPRy0/WISnDhY7ozvUs68TXq7F0KxtVU97uUVYw=="
    }
  }
}
